// !$*UTF8*$!
{
	archiveVersion = 1;
	classes = {
	};
	objectVersion = 46;
	objects = {

/* Begin PBXBuildFile section */
		78748C671C0FE0FA00E69E0A /* WeatherModel.m in Sources */ = {isa = PBXBuildFile; fileRef = 78748C661C0FE0FA00E69E0A /* WeatherModel.m */; };
		78748C6C1C0FE2B000E69E0A /* bg.png in Resources */ = {isa = PBXBuildFile; fileRef = 78748C691C0FE2B000E69E0A /* bg.png */; };
		78748C6D1C0FE2B000E69E0A /* bg@2x.png in Resources */ = {isa = PBXBuildFile; fileRef = 78748C6A1C0FE2B000E69E0A /* bg@2x.png */; };
		78748C6E1C0FE2B000E69E0A /* placeholder.png in Resources */ = {isa = PBXBuildFile; fileRef = 78748C6B1C0FE2B000E69E0A /* placeholder.png */; };
		7DE1FCF11C112DC6009CA8A0 /* WelcomeViewController.m in Sources */ = {isa = PBXBuildFile; fileRef = 7DE1FCEF1C112DC6009CA8A0 /* WelcomeViewController.m */; };
		7DE1FCF21C112DC6009CA8A0 /* WelcomeViewController.xib in Resources */ = {isa = PBXBuildFile; fileRef = 7DE1FCF01C112DC6009CA8A0 /* WelcomeViewController.xib */; };
		7DE1FCF41C112E43009CA8A0 /* index.html in Resources */ = {isa = PBXBuildFile; fileRef = 7DE1FCF31C112E43009CA8A0 /* index.html */; };
		7DE591271C0D2D4100BA1CAF /* main.m in Sources */ = {isa = PBXBuildFile; fileRef = 7DE591261C0D2D4100BA1CAF /* main.m */; };
		7DE5912A1C0D2D4100BA1CAF /* AppDelegate.m in Sources */ = {isa = PBXBuildFile; fileRef = 7DE591291C0D2D4100BA1CAF /* AppDelegate.m */; };
		7DE5912D1C0D2D4100BA1CAF /* ViewController.m in Sources */ = {isa = PBXBuildFile; fileRef = 7DE5912C1C0D2D4100BA1CAF /* ViewController.m */; };
		7DE591301C0D2D4100BA1CAF /* Main.storyboard in Resources */ = {isa = PBXBuildFile; fileRef = 7DE5912E1C0D2D4100BA1CAF /* Main.storyboard */; };
		7DE591321C0D2D4100BA1CAF /* Assets.xcassets in Resources */ = {isa = PBXBuildFile; fileRef = 7DE591311C0D2D4100BA1CAF /* Assets.xcassets */; };
		7DE591351C0D2D4100BA1CAF /* LaunchScreen.storyboard in Resources */ = {isa = PBXBuildFile; fileRef = 7DE591331C0D2D4100BA1CAF /* LaunchScreen.storyboard */; };
		7DE591921C0D2D9200BA1CAF /* ASIAuthenticationDialog.m in Sources */ = {isa = PBXBuildFile; fileRef = 7DE591411C0D2D9200BA1CAF /* ASIAuthenticationDialog.m */; settings = {COMPILER_FLAGS = "-fno-objc-arc"; }; };
		7DE591931C0D2D9200BA1CAF /* ASIDataCompressor.m in Sources */ = {isa = PBXBuildFile; fileRef = 7DE591441C0D2D9200BA1CAF /* ASIDataCompressor.m */; settings = {COMPILER_FLAGS = "-fno-objc-arc"; }; };
		7DE591941C0D2D9200BA1CAF /* ASIDataDecompressor.m in Sources */ = {isa = PBXBuildFile; fileRef = 7DE591461C0D2D9200BA1CAF /* ASIDataDecompressor.m */; settings = {COMPILER_FLAGS = "-fno-objc-arc"; }; };
		7DE591951C0D2D9200BA1CAF /* ASIDownloadCache.m in Sources */ = {isa = PBXBuildFile; fileRef = 7DE591481C0D2D9200BA1CAF /* ASIDownloadCache.m */; settings = {COMPILER_FLAGS = "-fno-objc-arc"; }; };
		7DE591961C0D2D9200BA1CAF /* ASIFormDataRequest.m in Sources */ = {isa = PBXBuildFile; fileRef = 7DE5914A1C0D2D9200BA1CAF /* ASIFormDataRequest.m */; settings = {COMPILER_FLAGS = "-fno-objc-arc"; }; };
		7DE591971C0D2D9200BA1CAF /* ASIHTTPRequest.m in Sources */ = {isa = PBXBuildFile; fileRef = 7DE5914C1C0D2D9200BA1CAF /* ASIHTTPRequest.m */; settings = {COMPILER_FLAGS = "-fno-objc-arc"; }; };
		7DE591981C0D2D9200BA1CAF /* ASIInputStream.m in Sources */ = {isa = PBXBuildFile; fileRef = 7DE591501C0D2D9200BA1CAF /* ASIInputStream.m */; settings = {COMPILER_FLAGS = "-fno-objc-arc"; }; };
		7DE591991C0D2D9200BA1CAF /* ASINetworkQueue.m in Sources */ = {isa = PBXBuildFile; fileRef = 7DE591521C0D2D9200BA1CAF /* ASINetworkQueue.m */; settings = {COMPILER_FLAGS = "-fno-objc-arc"; }; };
		7DE591BA1C0D2F5100BA1CAF /* Reachability.m in Sources */ = {isa = PBXBuildFile; fileRef = 7DE591B91C0D2F5100BA1CAF /* Reachability.m */; };
		7DE591BC1C0D2FE100BA1CAF /* libz.1.1.3.tbd in Frameworks */ = {isa = PBXBuildFile; fileRef = 7DE591BB1C0D2FE100BA1CAF /* libz.1.1.3.tbd */; };
		7DE591C01C0D344300BA1CAF /* ASIWebPageRequest.m in Sources */ = {isa = PBXBuildFile; fileRef = 7DE591BF1C0D344300BA1CAF /* ASIWebPageRequest.m */; settings = {COMPILER_FLAGS = "-fno-objc-arc"; }; };
		7DE591C41C0D34B200BA1CAF /* libxml2.tbd in Frameworks */ = {isa = PBXBuildFile; fileRef = 7DE591C31C0D34B200BA1CAF /* libxml2.tbd */; };
		7DE627841C0E82D100723443 /* MBProgressHUD+NJ.m in Sources */ = {isa = PBXBuildFile; fileRef = 7DE627801C0E82D100723443 /* MBProgressHUD+NJ.m */; };
		7DE627851C0E82D100723443 /* MBProgressHUD.bundle in Resources */ = {isa = PBXBuildFile; fileRef = 7DE627811C0E82D100723443 /* MBProgressHUD.bundle */; };
		7DE627861C0E82D100723443 /* MBProgressHUD.m in Sources */ = {isa = PBXBuildFile; fileRef = 7DE627831C0E82D100723443 /* MBProgressHUD.m */; };
		7DEE6E481C0FD098007DCA5D /* SSCacheWebView.m in Sources */ = {isa = PBXBuildFile; fileRef = 7DEE6E471C0FD098007DCA5D /* SSCacheWebView.m */; };
		7DF2CF0B1C0ECBBF004A8978 /* Demo1ViewController.m in Sources */ = {isa = PBXBuildFile; fileRef = 7DF2CF0A1C0ECBBF004A8978 /* Demo1ViewController.m */; };
		7DF2CF0F1C0ED952004A8978 /* Demo3ViewController.m in Sources */ = {isa = PBXBuildFile; fileRef = 7DF2CF0E1C0ED952004A8978 /* Demo3ViewController.m */; };
/* End PBXBuildFile section */

/* Begin PBXFileReference section */
		78748C651C0FE0FA00E69E0A /* WeatherModel.h */ = {isa = PBXFileReference; fileEncoding = 4; lastKnownFileType = sourcecode.c.h; path = WeatherModel.h; sourceTree = "<group>"; };
		78748C661C0FE0FA00E69E0A /* WeatherModel.m */ = {isa = PBXFileReference; fileEncoding = 4; lastKnownFileType = sourcecode.c.objc; path = WeatherModel.m; sourceTree = "<group>"; };
		78748C691C0FE2B000E69E0A /* bg.png */ = {isa = PBXFileReference; lastKnownFileType = image.png; path = bg.png; sourceTree = "<group>"; };
		78748C6A1C0FE2B000E69E0A /* bg@2x.png */ = {isa = PBXFileReference; lastKnownFileType = image.png; path = "bg@2x.png"; sourceTree = "<group>"; };
		78748C6B1C0FE2B000E69E0A /* placeholder.png */ = {isa = PBXFileReference; lastKnownFileType = image.png; path = placeholder.png; sourceTree = "<group>"; };
		78748CBF1C102E3A00E69E0A /* MKAnnotationView+WebCache.h */ = {isa = PBXFileReference; fileEncoding = 4; lastKnownFileType = sourcecode.c.h; path = "MKAnnotationView+WebCache.h"; sourceTree = "<group>"; };
		78748CC01C102E3A00E69E0A /* MKAnnotationView+WebCache.m */ = {isa = PBXFileReference; fileEncoding = 4; lastKnownFileType = sourcecode.c.objc; path = "MKAnnotationView+WebCache.m"; sourceTree = "<group>"; };
		78748CC11C102E3A00E69E0A /* NSData+ImageContentType.h */ = {isa = PBXFileReference; fileEncoding = 4; lastKnownFileType = sourcecode.c.h; path = "NSData+ImageContentType.h"; sourceTree = "<group>"; };
		78748CC21C102E3A00E69E0A /* NSData+ImageContentType.m */ = {isa = PBXFileReference; fileEncoding = 4; lastKnownFileType = sourcecode.c.objc; path = "NSData+ImageContentType.m"; sourceTree = "<group>"; };
		78748CC31C102E3A00E69E0A /* SDImageCache.h */ = {isa = PBXFileReference; fileEncoding = 4; lastKnownFileType = sourcecode.c.h; path = SDImageCache.h; sourceTree = "<group>"; };
		78748CC41C102E3A00E69E0A /* SDImageCache.m */ = {isa = PBXFileReference; fileEncoding = 4; lastKnownFileType = sourcecode.c.objc; path = SDImageCache.m; sourceTree = "<group>"; };
		78748CC51C102E3A00E69E0A /* SDWebImageCompat.h */ = {isa = PBXFileReference; fileEncoding = 4; lastKnownFileType = sourcecode.c.h; path = SDWebImageCompat.h; sourceTree = "<group>"; };
		78748CC61C102E3A00E69E0A /* SDWebImageCompat.m */ = {isa = PBXFileReference; fileEncoding = 4; lastKnownFileType = sourcecode.c.objc; path = SDWebImageCompat.m; sourceTree = "<group>"; };
		78748CC71C102E3A00E69E0A /* SDWebImageDecoder.h */ = {isa = PBXFileReference; fileEncoding = 4; lastKnownFileType = sourcecode.c.h; path = SDWebImageDecoder.h; sourceTree = "<group>"; };
		78748CC81C102E3A00E69E0A /* SDWebImageDecoder.m */ = {isa = PBXFileReference; fileEncoding = 4; lastKnownFileType = sourcecode.c.objc; path = SDWebImageDecoder.m; sourceTree = "<group>"; };
		78748CC91C102E3A00E69E0A /* SDWebImageDownloader.h */ = {isa = PBXFileReference; fileEncoding = 4; lastKnownFileType = sourcecode.c.h; path = SDWebImageDownloader.h; sourceTree = "<group>"; };
		78748CCA1C102E3A00E69E0A /* SDWebImageDownloader.m */ = {isa = PBXFileReference; fileEncoding = 4; lastKnownFileType = sourcecode.c.objc; path = SDWebImageDownloader.m; sourceTree = "<group>"; };
		78748CCB1C102E3A00E69E0A /* SDWebImageDownloaderOperation.h */ = {isa = PBXFileReference; fileEncoding = 4; lastKnownFileType = sourcecode.c.h; path = SDWebImageDownloaderOperation.h; sourceTree = "<group>"; };
		78748CCC1C102E3A00E69E0A /* SDWebImageDownloaderOperation.m */ = {isa = PBXFileReference; fileEncoding = 4; lastKnownFileType = sourcecode.c.objc; path = SDWebImageDownloaderOperation.m; sourceTree = "<group>"; };
		78748CCD1C102E3A00E69E0A /* SDWebImageManager.h */ = {isa = PBXFileReference; fileEncoding = 4; lastKnownFileType = sourcecode.c.h; path = SDWebImageManager.h; sourceTree = "<group>"; };
		78748CCE1C102E3A00E69E0A /* SDWebImageManager.m */ = {isa = PBXFileReference; fileEncoding = 4; lastKnownFileType = sourcecode.c.objc; path = SDWebImageManager.m; sourceTree = "<group>"; };
		78748CCF1C102E3A00E69E0A /* SDWebImageOperation.h */ = {isa = PBXFileReference; fileEncoding = 4; lastKnownFileType = sourcecode.c.h; path = SDWebImageOperation.h; sourceTree = "<group>"; };
		78748CD01C102E3A00E69E0A /* SDWebImagePrefetcher.h */ = {isa = PBXFileReference; fileEncoding = 4; lastKnownFileType = sourcecode.c.h; path = SDWebImagePrefetcher.h; sourceTree = "<group>"; };
		78748CD11C102E3A00E69E0A /* SDWebImagePrefetcher.m */ = {isa = PBXFileReference; fileEncoding = 4; lastKnownFileType = sourcecode.c.objc; path = SDWebImagePrefetcher.m; sourceTree = "<group>"; };
		78748CD21C102E3A00E69E0A /* UIButton+WebCache.h */ = {isa = PBXFileReference; fileEncoding = 4; lastKnownFileType = sourcecode.c.h; path = "UIButton+WebCache.h"; sourceTree = "<group>"; };
		78748CD31C102E3A00E69E0A /* UIButton+WebCache.m */ = {isa = PBXFileReference; fileEncoding = 4; lastKnownFileType = sourcecode.c.objc; path = "UIButton+WebCache.m"; sourceTree = "<group>"; };
		78748CD41C102E3A00E69E0A /* UIImage+GIF.h */ = {isa = PBXFileReference; fileEncoding = 4; lastKnownFileType = sourcecode.c.h; path = "UIImage+GIF.h"; sourceTree = "<group>"; };
		78748CD51C102E3A00E69E0A /* UIImage+GIF.m */ = {isa = PBXFileReference; fileEncoding = 4; lastKnownFileType = sourcecode.c.objc; path = "UIImage+GIF.m"; sourceTree = "<group>"; };
		78748CD61C102E3A00E69E0A /* UIImage+MultiFormat.h */ = {isa = PBXFileReference; fileEncoding = 4; lastKnownFileType = sourcecode.c.h; path = "UIImage+MultiFormat.h"; sourceTree = "<group>"; };
		78748CD71C102E3A00E69E0A /* UIImage+MultiFormat.m */ = {isa = PBXFileReference; fileEncoding = 4; lastKnownFileType = sourcecode.c.objc; path = "UIImage+MultiFormat.m"; sourceTree = "<group>"; };
		78748CD81C102E3A00E69E0A /* UIImage+WebP.h */ = {isa = PBXFileReference; fileEncoding = 4; lastKnownFileType = sourcecode.c.h; path = "UIImage+WebP.h"; sourceTree = "<group>"; };
		78748CD91C102E3A00E69E0A /* UIImage+WebP.m */ = {isa = PBXFileReference; fileEncoding = 4; lastKnownFileType = sourcecode.c.objc; path = "UIImage+WebP.m"; sourceTree = "<group>"; };
		78748CDA1C102E3A00E69E0A /* UIImageView+HighlightedWebCache.h */ = {isa = PBXFileReference; fileEncoding = 4; lastKnownFileType = sourcecode.c.h; path = "UIImageView+HighlightedWebCache.h"; sourceTree = "<group>"; };
		78748CDB1C102E3A00E69E0A /* UIImageView+HighlightedWebCache.m */ = {isa = PBXFileReference; fileEncoding = 4; lastKnownFileType = sourcecode.c.objc; path = "UIImageView+HighlightedWebCache.m"; sourceTree = "<group>"; };
		78748CDC1C102E3A00E69E0A /* UIImageView+WebCache.h */ = {isa = PBXFileReference; fileEncoding = 4; lastKnownFileType = sourcecode.c.h; path = "UIImageView+WebCache.h"; sourceTree = "<group>"; };
		78748CDD1C102E3A00E69E0A /* UIImageView+WebCache.m */ = {isa = PBXFileReference; fileEncoding = 4; lastKnownFileType = sourcecode.c.objc; path = "UIImageView+WebCache.m"; sourceTree = "<group>"; };
		78748CDE1C102E3A00E69E0A /* UIView+WebCacheOperation.h */ = {isa = PBXFileReference; fileEncoding = 4; lastKnownFileType = sourcecode.c.h; path = "UIView+WebCacheOperation.h"; sourceTree = "<group>"; };
		78748CDF1C102E3A00E69E0A /* UIView+WebCacheOperation.m */ = {isa = PBXFileReference; fileEncoding = 4; lastKnownFileType = sourcecode.c.objc; path = "UIView+WebCacheOperation.m"; sourceTree = "<group>"; };
		7DE1FCEE1C112DC6009CA8A0 /* WelcomeViewController.h */ = {isa = PBXFileReference; fileEncoding = 4; lastKnownFileType = sourcecode.c.h; path = WelcomeViewController.h; sourceTree = "<group>"; };
		7DE1FCEF1C112DC6009CA8A0 /* WelcomeViewController.m */ = {isa = PBXFileReference; fileEncoding = 4; lastKnownFileType = sourcecode.c.objc; path = WelcomeViewController.m; sourceTree = "<group>"; };
		7DE1FCF01C112DC6009CA8A0 /* WelcomeViewController.xib */ = {isa = PBXFileReference; fileEncoding = 4; lastKnownFileType = file.xib; path = WelcomeViewController.xib; sourceTree = "<group>"; };
		7DE1FCF31C112E43009CA8A0 /* index.html */ = {isa = PBXFileReference; fileEncoding = 4; lastKnownFileType = text.html; path = index.html; sourceTree = "<group>"; };
		7DE591221C0D2D4100BA1CAF /* SSTextHtmlCache.app */ = {isa = PBXFileReference; explicitFileType = wrapper.application; includeInIndex = 0; path = SSTextHtmlCache.app; sourceTree = BUILT_PRODUCTS_DIR; };
		7DE591261C0D2D4100BA1CAF /* main.m */ = {isa = PBXFileReference; lastKnownFileType = sourcecode.c.objc; path = main.m; sourceTree = "<group>"; };
		7DE591281C0D2D4100BA1CAF /* AppDelegate.h */ = {isa = PBXFileReference; lastKnownFileType = sourcecode.c.h; path = AppDelegate.h; sourceTree = "<group>"; };
		7DE591291C0D2D4100BA1CAF /* AppDelegate.m */ = {isa = PBXFileReference; lastKnownFileType = sourcecode.c.objc; path = AppDelegate.m; sourceTree = "<group>"; };
		7DE5912B1C0D2D4100BA1CAF /* ViewController.h */ = {isa = PBXFileReference; lastKnownFileType = sourcecode.c.h; path = ViewController.h; sourceTree = "<group>"; };
		7DE5912C1C0D2D4100BA1CAF /* ViewController.m */ = {isa = PBXFileReference; lastKnownFileType = sourcecode.c.objc; path = ViewController.m; sourceTree = "<group>"; };
		7DE5912F1C0D2D4100BA1CAF /* Base */ = {isa = PBXFileReference; lastKnownFileType = file.storyboard; name = Base; path = Base.lproj/Main.storyboard; sourceTree = "<group>"; };
		7DE591311C0D2D4100BA1CAF /* Assets.xcassets */ = {isa = PBXFileReference; lastKnownFileType = folder.assetcatalog; path = Assets.xcassets; sourceTree = "<group>"; };
		7DE591341C0D2D4100BA1CAF /* Base */ = {isa = PBXFileReference; lastKnownFileType = file.storyboard; name = Base; path = Base.lproj/LaunchScreen.storyboard; sourceTree = "<group>"; };
		7DE591361C0D2D4100BA1CAF /* Info.plist */ = {isa = PBXFileReference; lastKnownFileType = text.plist.xml; path = Info.plist; sourceTree = "<group>"; };
		7DE591401C0D2D9200BA1CAF /* ASIAuthenticationDialog.h */ = {isa = PBXFileReference; fileEncoding = 4; lastKnownFileType = sourcecode.c.h; path = ASIAuthenticationDialog.h; sourceTree = "<group>"; };
		7DE591411C0D2D9200BA1CAF /* ASIAuthenticationDialog.m */ = {isa = PBXFileReference; fileEncoding = 4; lastKnownFileType = sourcecode.c.objc; path = ASIAuthenticationDialog.m; sourceTree = "<group>"; };
		7DE591421C0D2D9200BA1CAF /* ASICacheDelegate.h */ = {isa = PBXFileReference; fileEncoding = 4; lastKnownFileType = sourcecode.c.h; path = ASICacheDelegate.h; sourceTree = "<group>"; };
		7DE591431C0D2D9200BA1CAF /* ASIDataCompressor.h */ = {isa = PBXFileReference; fileEncoding = 4; lastKnownFileType = sourcecode.c.h; path = ASIDataCompressor.h; sourceTree = "<group>"; };
		7DE591441C0D2D9200BA1CAF /* ASIDataCompressor.m */ = {isa = PBXFileReference; fileEncoding = 4; lastKnownFileType = sourcecode.c.objc; path = ASIDataCompressor.m; sourceTree = "<group>"; };
		7DE591451C0D2D9200BA1CAF /* ASIDataDecompressor.h */ = {isa = PBXFileReference; fileEncoding = 4; lastKnownFileType = sourcecode.c.h; path = ASIDataDecompressor.h; sourceTree = "<group>"; };
		7DE591461C0D2D9200BA1CAF /* ASIDataDecompressor.m */ = {isa = PBXFileReference; fileEncoding = 4; lastKnownFileType = sourcecode.c.objc; path = ASIDataDecompressor.m; sourceTree = "<group>"; };
		7DE591471C0D2D9200BA1CAF /* ASIDownloadCache.h */ = {isa = PBXFileReference; fileEncoding = 4; lastKnownFileType = sourcecode.c.h; path = ASIDownloadCache.h; sourceTree = "<group>"; };
		7DE591481C0D2D9200BA1CAF /* ASIDownloadCache.m */ = {isa = PBXFileReference; fileEncoding = 4; lastKnownFileType = sourcecode.c.objc; path = ASIDownloadCache.m; sourceTree = "<group>"; };
		7DE591491C0D2D9200BA1CAF /* ASIFormDataRequest.h */ = {isa = PBXFileReference; fileEncoding = 4; lastKnownFileType = sourcecode.c.h; path = ASIFormDataRequest.h; sourceTree = "<group>"; };
		7DE5914A1C0D2D9200BA1CAF /* ASIFormDataRequest.m */ = {isa = PBXFileReference; fileEncoding = 4; lastKnownFileType = sourcecode.c.objc; path = ASIFormDataRequest.m; sourceTree = "<group>"; };
		7DE5914B1C0D2D9200BA1CAF /* ASIHTTPRequest.h */ = {isa = PBXFileReference; fileEncoding = 4; lastKnownFileType = sourcecode.c.h; path = ASIHTTPRequest.h; sourceTree = "<group>"; };
		7DE5914C1C0D2D9200BA1CAF /* ASIHTTPRequest.m */ = {isa = PBXFileReference; fileEncoding = 4; lastKnownFileType = sourcecode.c.objc; path = ASIHTTPRequest.m; sourceTree = "<group>"; };
		7DE5914D1C0D2D9200BA1CAF /* ASIHTTPRequestConfig.h */ = {isa = PBXFileReference; fileEncoding = 4; lastKnownFileType = sourcecode.c.h; path = ASIHTTPRequestConfig.h; sourceTree = "<group>"; };
		7DE5914E1C0D2D9200BA1CAF /* ASIHTTPRequestDelegate.h */ = {isa = PBXFileReference; fileEncoding = 4; lastKnownFileType = sourcecode.c.h; path = ASIHTTPRequestDelegate.h; sourceTree = "<group>"; };
		7DE5914F1C0D2D9200BA1CAF /* ASIInputStream.h */ = {isa = PBXFileReference; fileEncoding = 4; lastKnownFileType = sourcecode.c.h; path = ASIInputStream.h; sourceTree = "<group>"; };
		7DE591501C0D2D9200BA1CAF /* ASIInputStream.m */ = {isa = PBXFileReference; fileEncoding = 4; lastKnownFileType = sourcecode.c.objc; path = ASIInputStream.m; sourceTree = "<group>"; };
		7DE591511C0D2D9200BA1CAF /* ASINetworkQueue.h */ = {isa = PBXFileReference; fileEncoding = 4; lastKnownFileType = sourcecode.c.h; path = ASINetworkQueue.h; sourceTree = "<group>"; };
		7DE591521C0D2D9200BA1CAF /* ASINetworkQueue.m */ = {isa = PBXFileReference; fileEncoding = 4; lastKnownFileType = sourcecode.c.objc; path = ASINetworkQueue.m; sourceTree = "<group>"; };
		7DE591531C0D2D9200BA1CAF /* ASIProgressDelegate.h */ = {isa = PBXFileReference; fileEncoding = 4; lastKnownFileType = sourcecode.c.h; path = ASIProgressDelegate.h; sourceTree = "<group>"; };
		7DE591B81C0D2F5100BA1CAF /* Reachability.h */ = {isa = PBXFileReference; fileEncoding = 4; lastKnownFileType = sourcecode.c.h; path = Reachability.h; sourceTree = "<group>"; };
		7DE591B91C0D2F5100BA1CAF /* Reachability.m */ = {isa = PBXFileReference; fileEncoding = 4; lastKnownFileType = sourcecode.c.objc; path = Reachability.m; sourceTree = "<group>"; };
		7DE591BB1C0D2FE100BA1CAF /* libz.1.1.3.tbd */ = {isa = PBXFileReference; lastKnownFileType = "sourcecode.text-based-dylib-definition"; name = libz.1.1.3.tbd; path = usr/lib/libz.1.1.3.tbd; sourceTree = SDKROOT; };
		7DE591BE1C0D344300BA1CAF /* ASIWebPageRequest.h */ = {isa = PBXFileReference; fileEncoding = 4; lastKnownFileType = sourcecode.c.h; path = ASIWebPageRequest.h; sourceTree = "<group>"; };
		7DE591BF1C0D344300BA1CAF /* ASIWebPageRequest.m */ = {isa = PBXFileReference; fileEncoding = 4; lastKnownFileType = sourcecode.c.objc; path = ASIWebPageRequest.m; sourceTree = "<group>"; };
		7DE591C31C0D34B200BA1CAF /* libxml2.tbd */ = {isa = PBXFileReference; lastKnownFileType = "sourcecode.text-based-dylib-definition"; name = libxml2.tbd; path = usr/lib/libxml2.tbd; sourceTree = SDKROOT; };
		7DE591C51C0D9E3A00BA1CAF /* PrefixHeader.pch */ = {isa = PBXFileReference; lastKnownFileType = sourcecode.c.h; path = PrefixHeader.pch; sourceTree = "<group>"; };
		7DE6277F1C0E82D100723443 /* MBProgressHUD+NJ.h */ = {isa = PBXFileReference; fileEncoding = 4; lastKnownFileType = sourcecode.c.h; path = "MBProgressHUD+NJ.h"; sourceTree = "<group>"; };
		7DE627801C0E82D100723443 /* MBProgressHUD+NJ.m */ = {isa = PBXFileReference; fileEncoding = 4; lastKnownFileType = sourcecode.c.objc; path = "MBProgressHUD+NJ.m"; sourceTree = "<group>"; };
		7DE627811C0E82D100723443 /* MBProgressHUD.bundle */ = {isa = PBXFileReference; lastKnownFileType = "wrapper.plug-in"; path = MBProgressHUD.bundle; sourceTree = "<group>"; };
		7DE627821C0E82D100723443 /* MBProgressHUD.h */ = {isa = PBXFileReference; fileEncoding = 4; lastKnownFileType = sourcecode.c.h; path = MBProgressHUD.h; sourceTree = "<group>"; };
		7DE627831C0E82D100723443 /* MBProgressHUD.m */ = {isa = PBXFileReference; fileEncoding = 4; lastKnownFileType = sourcecode.c.objc; path = MBProgressHUD.m; sourceTree = "<group>"; };
		7DEE6E461C0FD098007DCA5D /* SSCacheWebView.h */ = {isa = PBXFileReference; fileEncoding = 4; lastKnownFileType = sourcecode.c.h; path = SSCacheWebView.h; sourceTree = "<group>"; };
		7DEE6E471C0FD098007DCA5D /* SSCacheWebView.m */ = {isa = PBXFileReference; fileEncoding = 4; lastKnownFileType = sourcecode.c.objc; path = SSCacheWebView.m; sourceTree = "<group>"; };
		7DF2CF091C0ECBBF004A8978 /* Demo1ViewController.h */ = {isa = PBXFileReference; fileEncoding = 4; lastKnownFileType = sourcecode.c.h; path = Demo1ViewController.h; sourceTree = "<group>"; };
		7DF2CF0A1C0ECBBF004A8978 /* Demo1ViewController.m */ = {isa = PBXFileReference; fileEncoding = 4; lastKnownFileType = sourcecode.c.objc; path = Demo1ViewController.m; sourceTree = "<group>"; };
		7DF2CF0D1C0ED952004A8978 /* Demo3ViewController.h */ = {isa = PBXFileReference; fileEncoding = 4; lastKnownFileType = sourcecode.c.h; path = Demo3ViewController.h; sourceTree = "<group>"; };
		7DF2CF0E1C0ED952004A8978 /* Demo3ViewController.m */ = {isa = PBXFileReference; fileEncoding = 4; lastKnownFileType = sourcecode.c.objc; path = Demo3ViewController.m; sourceTree = "<group>"; };
/* End PBXFileReference section */

/* Begin PBXFrameworksBuildPhase section */
		7DE5911F1C0D2D4100BA1CAF /* Frameworks */ = {
			isa = PBXFrameworksBuildPhase;
			buildActionMask = 2147483647;
			files = (
				7DE591C41C0D34B200BA1CAF /* libxml2.tbd in Frameworks */,
				7DE591BC1C0D2FE100BA1CAF /* libz.1.1.3.tbd in Frameworks */,
			);
			runOnlyForDeploymentPostprocessing = 0;
		};
/* End PBXFrameworksBuildPhase section */

/* Begin PBXGroup section */
		784584241C0FE01300086970 /* Model */ = {
			isa = PBXGroup;
			children = (
				78748C651C0FE0FA00E69E0A /* WeatherModel.h */,
				78748C661C0FE0FA00E69E0A /* WeatherModel.m */,
			);
			name = Model;
			sourceTree = "<group>";
		};
		78748C681C0FE29F00E69E0A /* Image */ = {
			isa = PBXGroup;
			children = (
				78748C691C0FE2B000E69E0A /* bg.png */,
				78748C6A1C0FE2B000E69E0A /* bg@2x.png */,
				78748C6B1C0FE2B000E69E0A /* placeholder.png */,
			);
			name = Image;
			sourceTree = "<group>";
		};
		78748CBE1C102E3A00E69E0A /* SDWebImage */ = {
			isa = PBXGroup;
			children = (
				78748CBF1C102E3A00E69E0A /* MKAnnotationView+WebCache.h */,
				78748CC01C102E3A00E69E0A /* MKAnnotationView+WebCache.m */,
				78748CC11C102E3A00E69E0A /* NSData+ImageContentType.h */,
				78748CC21C102E3A00E69E0A /* NSData+ImageContentType.m */,
				78748CC31C102E3A00E69E0A /* SDImageCache.h */,
				78748CC41C102E3A00E69E0A /* SDImageCache.m */,
				78748CC51C102E3A00E69E0A /* SDWebImageCompat.h */,
				78748CC61C102E3A00E69E0A /* SDWebImageCompat.m */,
				78748CC71C102E3A00E69E0A /* SDWebImageDecoder.h */,
				78748CC81C102E3A00E69E0A /* SDWebImageDecoder.m */,
				78748CC91C102E3A00E69E0A /* SDWebImageDownloader.h */,
				78748CCA1C102E3A00E69E0A /* SDWebImageDownloader.m */,
				78748CCB1C102E3A00E69E0A /* SDWebImageDownloaderOperation.h */,
				78748CCC1C102E3A00E69E0A /* SDWebImageDownloaderOperation.m */,
				78748CCD1C102E3A00E69E0A /* SDWebImageManager.h */,
				78748CCE1C102E3A00E69E0A /* SDWebImageManager.m */,
				78748CCF1C102E3A00E69E0A /* SDWebImageOperation.h */,
				78748CD01C102E3A00E69E0A /* SDWebImagePrefetcher.h */,
				78748CD11C102E3A00E69E0A /* SDWebImagePrefetcher.m */,
				78748CD21C102E3A00E69E0A /* UIButton+WebCache.h */,
				78748CD31C102E3A00E69E0A /* UIButton+WebCache.m */,
				78748CD41C102E3A00E69E0A /* UIImage+GIF.h */,
				78748CD51C102E3A00E69E0A /* UIImage+GIF.m */,
				78748CD61C102E3A00E69E0A /* UIImage+MultiFormat.h */,
				78748CD71C102E3A00E69E0A /* UIImage+MultiFormat.m */,
				78748CD81C102E3A00E69E0A /* UIImage+WebP.h */,
				78748CD91C102E3A00E69E0A /* UIImage+WebP.m */,
				78748CDA1C102E3A00E69E0A /* UIImageView+HighlightedWebCache.h */,
				78748CDB1C102E3A00E69E0A /* UIImageView+HighlightedWebCache.m */,
				78748CDC1C102E3A00E69E0A /* UIImageView+WebCache.h */,
				78748CDD1C102E3A00E69E0A /* UIImageView+WebCache.m */,
				78748CDE1C102E3A00E69E0A /* UIView+WebCacheOperation.h */,
				78748CDF1C102E3A00E69E0A /* UIView+WebCacheOperation.m */,
			);
			path = SDWebImage;
			sourceTree = "<group>";
		};
		7DE591191C0D2D4100BA1CAF = {
			isa = PBXGroup;
			children = (
				7DE591C31C0D34B200BA1CAF /* libxml2.tbd */,
				7DE591BB1C0D2FE100BA1CAF /* libz.1.1.3.tbd */,
				7DE591241C0D2D4100BA1CAF /* SSTextHtmlCache */,
				7DE591231C0D2D4100BA1CAF /* Products */,
			);
			sourceTree = "<group>";
		};
		7DE591231C0D2D4100BA1CAF /* Products */ = {
			isa = PBXGroup;
			children = (
				7DE591221C0D2D4100BA1CAF /* SSTextHtmlCache.app */,
			);
			name = Products;
			sourceTree = "<group>";
		};
		7DE591241C0D2D4100BA1CAF /* SSTextHtmlCache */ = {
			isa = PBXGroup;
			children = (
				7DE6278B1C0EBA3900723443 /* demo1 */,
				7DE6278A1C0EBA2300723443 /* demo2 */,
				7DF2CF0C1C0ED92C004A8978 /* demo3 */,
				7DE627891C0EB9FA00723443 /* Other */,
				7DE5913C1C0D2D7600BA1CAF /* lib */,
				7DE5912E1C0D2D4100BA1CAF /* Main.storyboard */,
				7DE591251C0D2D4100BA1CAF /* Supporting Files */,
			);
			path = SSTextHtmlCache;
			sourceTree = "<group>";
		};
		7DE591251C0D2D4100BA1CAF /* Supporting Files */ = {
			isa = PBXGroup;
			children = (
				7DE1FCF31C112E43009CA8A0 /* index.html */,
				7DE591261C0D2D4100BA1CAF /* main.m */,
			);
			name = "Supporting Files";
			sourceTree = "<group>";
		};
		7DE5913C1C0D2D7600BA1CAF /* lib */ = {
			isa = PBXGroup;
			children = (
				78748CBE1C102E3A00E69E0A /* SDWebImage */,
				7DE6277E1C0E82D100723443 /* MBProgressHUD */,
				7DE591B71C0D2F3700BA1CAF /* Reachbility */,
				7DE5913F1C0D2D9200BA1CAF /* ASI */,
			);
			name = lib;
			sourceTree = "<group>";
		};
		7DE5913F1C0D2D9200BA1CAF /* ASI */ = {
			isa = PBXGroup;
			children = (
				7DE591BD1C0D344300BA1CAF /* ASIWebPageRequest */,
				7DE591401C0D2D9200BA1CAF /* ASIAuthenticationDialog.h */,
				7DE591411C0D2D9200BA1CAF /* ASIAuthenticationDialog.m */,
				7DE591421C0D2D9200BA1CAF /* ASICacheDelegate.h */,
				7DE591431C0D2D9200BA1CAF /* ASIDataCompressor.h */,
				7DE591441C0D2D9200BA1CAF /* ASIDataCompressor.m */,
				7DE591451C0D2D9200BA1CAF /* ASIDataDecompressor.h */,
				7DE591461C0D2D9200BA1CAF /* ASIDataDecompressor.m */,
				7DE591471C0D2D9200BA1CAF /* ASIDownloadCache.h */,
				7DE591481C0D2D9200BA1CAF /* ASIDownloadCache.m */,
				7DE591491C0D2D9200BA1CAF /* ASIFormDataRequest.h */,
				7DE5914A1C0D2D9200BA1CAF /* ASIFormDataRequest.m */,
				7DE5914B1C0D2D9200BA1CAF /* ASIHTTPRequest.h */,
				7DE5914C1C0D2D9200BA1CAF /* ASIHTTPRequest.m */,
				7DE5914D1C0D2D9200BA1CAF /* ASIHTTPRequestConfig.h */,
				7DE5914E1C0D2D9200BA1CAF /* ASIHTTPRequestDelegate.h */,
				7DE5914F1C0D2D9200BA1CAF /* ASIInputStream.h */,
				7DE591501C0D2D9200BA1CAF /* ASIInputStream.m */,
				7DE591511C0D2D9200BA1CAF /* ASINetworkQueue.h */,
				7DE591521C0D2D9200BA1CAF /* ASINetworkQueue.m */,
				7DE591531C0D2D9200BA1CAF /* ASIProgressDelegate.h */,
			);
			name = ASI;
			path = Classes;
			sourceTree = "<group>";
		};
		7DE591B71C0D2F3700BA1CAF /* Reachbility */ = {
			isa = PBXGroup;
			children = (
				7DE591B81C0D2F5100BA1CAF /* Reachability.h */,
				7DE591B91C0D2F5100BA1CAF /* Reachability.m */,
			);
			name = Reachbility;
			sourceTree = "<group>";
		};
		7DE591BD1C0D344300BA1CAF /* ASIWebPageRequest */ = {
			isa = PBXGroup;
			children = (
				7DE591BE1C0D344300BA1CAF /* ASIWebPageRequest.h */,
				7DE591BF1C0D344300BA1CAF /* ASIWebPageRequest.m */,
				7DEE6E461C0FD098007DCA5D /* SSCacheWebView.h */,
				7DEE6E471C0FD098007DCA5D /* SSCacheWebView.m */,
			);
			path = ASIWebPageRequest;
			sourceTree = "<group>";
		};
		7DE6277E1C0E82D100723443 /* MBProgressHUD */ = {
			isa = PBXGroup;
			children = (
				7DE6277F1C0E82D100723443 /* MBProgressHUD+NJ.h */,
				7DE627801C0E82D100723443 /* MBProgressHUD+NJ.m */,
				7DE627811C0E82D100723443 /* MBProgressHUD.bundle */,
				7DE627821C0E82D100723443 /* MBProgressHUD.h */,
				7DE627831C0E82D100723443 /* MBProgressHUD.m */,
			);
			path = MBProgressHUD;
			sourceTree = "<group>";
		};
		7DE627881C0EB9E600723443 /* Controller */ = {
			isa = PBXGroup;
			children = (
				7DE5912B1C0D2D4100BA1CAF /* ViewController.h */,
				7DE5912C1C0D2D4100BA1CAF /* ViewController.m */,
			);
			name = Controller;
			sourceTree = "<group>";
		};
		7DE627891C0EB9FA00723443 /* Other */ = {
			isa = PBXGroup;
			children = (
				7DE591C51C0D9E3A00BA1CAF /* PrefixHeader.pch */,
				7DE591311C0D2D4100BA1CAF /* Assets.xcassets */,
				7DE591331C0D2D4100BA1CAF /* LaunchScreen.storyboard */,
				7DE591361C0D2D4100BA1CAF /* Info.plist */,
				7DE591281C0D2D4100BA1CAF /* AppDelegate.h */,
				7DE591291C0D2D4100BA1CAF /* AppDelegate.m */,
			);
			name = Other;
			sourceTree = "<group>";
		};
		7DE6278A1C0EBA2300723443 /* demo2 */ = {
			isa = PBXGroup;
			children = (
				7DE627881C0EB9E600723443 /* Controller */,
			);
			name = demo2;
			sourceTree = "<group>";
		};
		7DE6278B1C0EBA3900723443 /* demo1 */ = {
			isa = PBXGroup;
			children = (
				78748C681C0FE29F00E69E0A /* Image */,
				784584241C0FE01300086970 /* Model */,
				7DF2CF081C0ECB94004A8978 /* Controller */,
			);
			name = demo1;
			sourceTree = "<group>";
		};
		7DF2CF081C0ECB94004A8978 /* Controller */ = {
			isa = PBXGroup;
			children = (
				7DF2CF091C0ECBBF004A8978 /* Demo1ViewController.h */,
				7DF2CF0A1C0ECBBF004A8978 /* Demo1ViewController.m */,
			);
			name = Controller;
			sourceTree = "<group>";
		};
		7DF2CF0C1C0ED92C004A8978 /* demo3 */ = {
			isa = PBXGroup;
			children = (
				7DF2CF161C0EF4EA004A8978 /* Controller */,
			);
			name = demo3;
			sourceTree = "<group>";
		};
		7DF2CF161C0EF4EA004A8978 /* Controller */ = {
			isa = PBXGroup;
			children = (
				7DF2CF0D1C0ED952004A8978 /* Demo3ViewController.h */,
				7DF2CF0E1C0ED952004A8978 /* Demo3ViewController.m */,
				7DE1FCEE1C112DC6009CA8A0 /* WelcomeViewController.h */,
				7DE1FCEF1C112DC6009CA8A0 /* WelcomeViewController.m */,
				7DE1FCF01C112DC6009CA8A0 /* WelcomeViewController.xib */,
			);
			name = Controller;
			sourceTree = "<group>";
		};
/* End PBXGroup section */

/* Begin PBXNativeTarget section */
		7DE591211C0D2D4100BA1CAF /* SSTextHtmlCache */ = {
			isa = PBXNativeTarget;
			buildConfigurationList = 7DE591391C0D2D4100BA1CAF /* Build configuration list for PBXNativeTarget "SSTextHtmlCache" */;
			buildPhases = (
				7DE5911E1C0D2D4100BA1CAF /* Sources */,
				7DE5911F1C0D2D4100BA1CAF /* Frameworks */,
				7DE591201C0D2D4100BA1CAF /* Resources */,
			);
			buildRules = (
			);
			dependencies = (
			);
			name = SSTextHtmlCache;
			productName = SSTextHtmlCache;
			productReference = 7DE591221C0D2D4100BA1CAF /* SSTextHtmlCache.app */;
			productType = "com.apple.product-type.application";
		};
/* End PBXNativeTarget section */

/* Begin PBXProject section */
		7DE5911A1C0D2D4100BA1CAF /* Project object */ = {
			isa = PBXProject;
			attributes = {
				LastUpgradeCheck = 0710;
				ORGANIZATIONNAME = simpleem;
				TargetAttributes = {
					7DE591211C0D2D4100BA1CAF = {
						CreatedOnToolsVersion = 7.1.1;
						DevelopmentTeam = 9556247MB6;
					};
				};
			};
			buildConfigurationList = 7DE5911D1C0D2D4100BA1CAF /* Build configuration list for PBXProject "SSTextHtmlCache" */;
			compatibilityVersion = "Xcode 3.2";
			developmentRegion = English;
			hasScannedForEncodings = 0;
			knownRegions = (
				en,
				Base,
			);
			mainGroup = 7DE591191C0D2D4100BA1CAF;
			productRefGroup = 7DE591231C0D2D4100BA1CAF /* Products */;
			projectDirPath = "";
			projectRoot = "";
			targets = (
				7DE591211C0D2D4100BA1CAF /* SSTextHtmlCache */,
			);
		};
/* End PBXProject section */

/* Begin PBXResourcesBuildPhase section */
		7DE591201C0D2D4100BA1CAF /* Resources */ = {
			isa = PBXResourcesBuildPhase;
			buildActionMask = 2147483647;
			files = (
				7DE591351C0D2D4100BA1CAF /* LaunchScreen.storyboard in Resources */,
				7DE627851C0E82D100723443 /* MBProgressHUD.bundle in Resources */,
				7DE591321C0D2D4100BA1CAF /* Assets.xcassets in Resources */,
				7DE1FCF41C112E43009CA8A0 /* index.html in Resources */,
				78748C6E1C0FE2B000E69E0A /* placeholder.png in Resources */,
				78748C6C1C0FE2B000E69E0A /* bg.png in Resources */,
				7DE1FCF21C112DC6009CA8A0 /* WelcomeViewController.xib in Resources */,
				7DE591301C0D2D4100BA1CAF /* Main.storyboard in Resources */,
				78748C6D1C0FE2B000E69E0A /* bg@2x.png in Resources */,
			);
			runOnlyForDeploymentPostprocessing = 0;
		};
/* End PBXResourcesBuildPhase section */

/* Begin PBXSourcesBuildPhase section */
		7DE5911E1C0D2D4100BA1CAF /* Sources */ = {
			isa = PBXSourcesBuildPhase;
			buildActionMask = 2147483647;
			files = (
				7DE591931C0D2D9200BA1CAF /* ASIDataCompressor.m in Sources */,
				7DE5912D1C0D2D4100BA1CAF /* ViewController.m in Sources */,
				7DE591971C0D2D9200BA1CAF /* ASIHTTPRequest.m in Sources */,
				7DE591921C0D2D9200BA1CAF /* ASIAuthenticationDialog.m in Sources */,
				7DE591C01C0D344300BA1CAF /* ASIWebPageRequest.m in Sources */,
				7DE1FCF11C112DC6009CA8A0 /* WelcomeViewController.m in Sources */,
				7DF2CF0B1C0ECBBF004A8978 /* Demo1ViewController.m in Sources */,
				7DE591961C0D2D9200BA1CAF /* ASIFormDataRequest.m in Sources */,
				7DE5912A1C0D2D4100BA1CAF /* AppDelegate.m in Sources */,
				7DE627861C0E82D100723443 /* MBProgressHUD.m in Sources */,
				7DE591981C0D2D9200BA1CAF /* ASIInputStream.m in Sources */,
				7DE591271C0D2D4100BA1CAF /* main.m in Sources */,
				7DF2CF0F1C0ED952004A8978 /* Demo3ViewController.m in Sources */,
				78748C671C0FE0FA00E69E0A /* WeatherModel.m in Sources */,
				7DE627841C0E82D100723443 /* MBProgressHUD+NJ.m in Sources */,
				7DE591991C0D2D9200BA1CAF /* ASINetworkQueue.m in Sources */,
				7DE591941C0D2D9200BA1CAF /* ASIDataDecompressor.m in Sources */,
				7DE591BA1C0D2F5100BA1CAF /* Reachability.m in Sources */,
				7DEE6E481C0FD098007DCA5D /* SSCacheWebView.m in Sources */,
				7DE591951C0D2D9200BA1CAF /* ASIDownloadCache.m in Sources */,
			);
			runOnlyForDeploymentPostprocessing = 0;
		};
/* End PBXSourcesBuildPhase section */

/* Begin PBXVariantGroup section */
		7DE5912E1C0D2D4100BA1CAF /* Main.storyboard */ = {
			isa = PBXVariantGroup;
			children = (
				7DE5912F1C0D2D4100BA1CAF /* Base */,
			);
			name = Main.storyboard;
			sourceTree = "<group>";
		};
		7DE591331C0D2D4100BA1CAF /* LaunchScreen.storyboard */ = {
			isa = PBXVariantGroup;
			children = (
				7DE591341C0D2D4100BA1CAF /* Base */,
			);
			name = LaunchScreen.storyboard;
			sourceTree = "<group>";
		};
/* End PBXVariantGroup section */

/* Begin XCBuildConfiguration section */
		7DE591371C0D2D4100BA1CAF /* Debug */ = {
			isa = XCBuildConfiguration;
			buildSettings = {
				ALWAYS_SEARCH_USER_PATHS = NO;
				CLANG_CXX_LANGUAGE_STANDARD = "gnu++0x";
				CLANG_CXX_LIBRARY = "libc++";
				CLANG_ENABLE_MODULES = YES;
				CLANG_ENABLE_OBJC_ARC = YES;
				CLANG_WARN_BOOL_CONVERSION = YES;
				CLANG_WARN_CONSTANT_CONVERSION = YES;
				CLANG_WARN_DIRECT_OBJC_ISA_USAGE = YES_ERROR;
				CLANG_WARN_EMPTY_BODY = YES;
				CLANG_WARN_ENUM_CONVERSION = YES;
				CLANG_WARN_INT_CONVERSION = YES;
				CLANG_WARN_OBJC_ROOT_CLASS = YES_ERROR;
				CLANG_WARN_UNREACHABLE_CODE = YES;
				CLANG_WARN__DUPLICATE_METHOD_MATCH = YES;
				"CODE_SIGN_IDENTITY[sdk=iphoneos*]" = "iPhone Developer";
				COPY_PHASE_STRIP = NO;
				DEBUG_INFORMATION_FORMAT = dwarf;
				ENABLE_STRICT_OBJC_MSGSEND = YES;
				ENABLE_TESTABILITY = YES;
				GCC_C_LANGUAGE_STANDARD = gnu99;
				GCC_DYNAMIC_NO_PIC = NO;
				GCC_NO_COMMON_BLOCKS = YES;
				GCC_OPTIMIZATION_LEVEL = 0;
				GCC_PREPROCESSOR_DEFINITIONS = (
					"DEBUG=1",
					"$(inherited)",
				);
				GCC_WARN_64_TO_32_BIT_CONVERSION = YES;
				GCC_WARN_ABOUT_RETURN_TYPE = YES_ERROR;
				GCC_WARN_UNDECLARED_SELECTOR = YES;
				GCC_WARN_UNINITIALIZED_AUTOS = YES_AGGRESSIVE;
				GCC_WARN_UNUSED_FUNCTION = YES;
				GCC_WARN_UNUSED_VARIABLE = YES;
				HEADER_SEARCH_PATHS = "${SDK_DIR}/usr/include/libxml2";
				IPHONEOS_DEPLOYMENT_TARGET = 9.1;
				MTL_ENABLE_DEBUG_INFO = YES;
				ONLY_ACTIVE_ARCH = YES;
				SDKROOT = iphoneos;
				TARGETED_DEVICE_FAMILY = "1,2";
			};
			name = Debug;
		};
		7DE591381C0D2D4100BA1CAF /* Release */ = {
			isa = XCBuildConfiguration;
			buildSettings = {
				ALWAYS_SEARCH_USER_PATHS = NO;
				CLANG_CXX_LANGUAGE_STANDARD = "gnu++0x";
				CLANG_CXX_LIBRARY = "libc++";
				CLANG_ENABLE_MODULES = YES;
				CLANG_ENABLE_OBJC_ARC = YES;
				CLANG_WARN_BOOL_CONVERSION = YES;
				CLANG_WARN_CONSTANT_CONVERSION = YES;
				CLANG_WARN_DIRECT_OBJC_ISA_USAGE = YES_ERROR;
				CLANG_WARN_EMPTY_BODY = YES;
				CLANG_WARN_ENUM_CONVERSION = YES;
				CLANG_WARN_INT_CONVERSION = YES;
				CLANG_WARN_OBJC_ROOT_CLASS = YES_ERROR;
				CLANG_WARN_UNREACHABLE_CODE = YES;
				CLANG_WARN__DUPLICATE_METHOD_MATCH = YES;
				"CODE_SIGN_IDENTITY[sdk=iphoneos*]" = "iPhone Developer";
				COPY_PHASE_STRIP = NO;
				DEBUG_INFORMATION_FORMAT = "dwarf-with-dsym";
				ENABLE_NS_ASSERTIONS = NO;
				ENABLE_STRICT_OBJC_MSGSEND = YES;
				GCC_C_LANGUAGE_STANDARD = gnu99;
				GCC_NO_COMMON_BLOCKS = YES;
				GCC_WARN_64_TO_32_BIT_CONVERSION = YES;
				GCC_WARN_ABOUT_RETURN_TYPE = YES_ERROR;
				GCC_WARN_UNDECLARED_SELECTOR = YES;
				GCC_WARN_UNINITIALIZED_AUTOS = YES_AGGRESSIVE;
				GCC_WARN_UNUSED_FUNCTION = YES;
				GCC_WARN_UNUSED_VARIABLE = YES;
				HEADER_SEARCH_PATHS = "${SDK_DIR}/usr/include/libxml2";
				IPHONEOS_DEPLOYMENT_TARGET = 9.1;
				MTL_ENABLE_DEBUG_INFO = NO;
				SDKROOT = iphoneos;
				TARGETED_DEVICE_FAMILY = "1,2";
				VALIDATE_PRODUCT = YES;
			};
			name = Release;
		};
		7DE5913A1C0D2D4100BA1CAF /* Debug */ = {
			isa = XCBuildConfiguration;
			buildSettings = {
				ASSETCATALOG_COMPILER_APPICON_NAME = AppIcon;
				CODE_SIGN_IDENTITY = "iPhone Developer";
				"CODE_SIGN_IDENTITY[sdk=iphoneos*]" = "iPhone Developer";
				GCC_PREFIX_HEADER = "$(SRCROOT)/SSTextHtmlCache/PrefixHeader.pch";
				INFOPLIST_FILE = SSTextHtmlCache/Info.plist;
				LD_RUNPATH_SEARCH_PATHS = "$(inherited) @executable_path/Frameworks";
				PRODUCT_BUNDLE_IDENTIFIER = SZHJJR.SSTextHtmlCache;
				PRODUCT_NAME = "$(TARGET_NAME)";
				PROVISIONING_PROFILE = "";
			};
			name = Debug;
		};
		7DE5913B1C0D2D4100BA1CAF /* Release */ = {
			isa = XCBuildConfiguration;
			buildSettings = {
				ASSETCATALOG_COMPILER_APPICON_NAME = AppIcon;
				CODE_SIGN_IDENTITY = "iPhone Developer";
				"CODE_SIGN_IDENTITY[sdk=iphoneos*]" = "iPhone Developer";
				GCC_PREFIX_HEADER = "$(SRCROOT)/SSTextHtmlCache/PrefixHeader.pch";
				INFOPLIST_FILE = SSTextHtmlCache/Info.plist;
				LD_RUNPATH_SEARCH_PATHS = "$(inherited) @executable_path/Frameworks";
				PRODUCT_BUNDLE_IDENTIFIER = SZHJJR.SSTextHtmlCache;
				PRODUCT_NAME = "$(TARGET_NAME)";
				PROVISIONING_PROFILE = "";
			};
			name = Release;
		};
/* End XCBuildConfiguration section */

/* Begin XCConfigurationList section */
		7DE5911D1C0D2D4100BA1CAF /* Build configuration list for PBXProject "SSTextHtmlCache" */ = {
			isa = XCConfigurationList;
			buildConfigurations = (
				7DE591371C0D2D4100BA1CAF /* Debug */,
				7DE591381C0D2D4100BA1CAF /* Release */,
			);
			defaultConfigurationIsVisible = 0;
			defaultConfigurationName = Release;
		};
		7DE591391C0D2D4100BA1CAF /* Build configuration list for PBXNativeTarget "SSTextHtmlCache" */ = {
			isa = XCConfigurationList;
			buildConfigurations = (
				7DE5913A1C0D2D4100BA1CAF /* Debug */,
				7DE5913B1C0D2D4100BA1CAF /* Release */,
			);
			defaultConfigurationIsVisible = 0;
			defaultConfigurationName = Release;
		};
/* End XCConfigurationList section */
	};
	rootObject = 7DE5911A1C0D2D4100BA1CAF /* Project object */;
}
